
Microsoft Visual Studio Solution File, Format Version 12.00
# Visual Studio Version 17
VisualStudioVersion = 17.5.002.0
MinimumVisualStudioVersion = 10.0.40219.1
Project("{9A19103F-16F7-4668-BE54-9A1E7A4F7556}") = "Pastorzinho", "Pastorzinho.csproj", "{AA79B886-CC39-4039-A546-0449A7C79701}"
EndProject
Global
	GlobalSection(SolutionConfigurationPlatforms) = preSolution
		Debug|Any CPU = Debug|Any CPU
		Release|Any CPU = Release|Any CPU
	EndGlobalSection
	GlobalSection(ProjectConfigurationPlatforms) = postSolution
		{AA79B886-CC39-4039-A546-0449A7C79701}.Debug|Any CPU.ActiveCfg = Debug|Any CPU
		{AA79B886-CC39-4039-A546-0449A7C79701}.Debug|Any CPU.Build.0 = Debug|Any CPU
		{AA79B886-CC39-4039-A546-0449A7C79701}.Release|Any CPU.ActiveCfg = Release|Any CPU
		{AA79B886-CC39-4039-A546-0449A7C79701}.Release|Any CPU.Build.0 = Release|Any CPU
	EndGlobalSection
	GlobalSection(SolutionProperties) = preSolution
		HideSolutionNode = FALSE
	EndGlobalSection
	GlobalSection(ExtensibilityGlobals) = postSolution
		SolutionGuid = {3894E62F-745A-4A9D-B1AA-AF128A465C54}
	EndGlobalSection
EndGlobal
